
Microsoft Visual Studio Solution File, Format Version 12.00
# Visual Studio Version 17
VisualStudioVersion = 17.1.32421.90
MinimumVisualStudioVersion = 10.0.40219.1
Project("{9A19103F-16F7-4668-BE54-9A1E7A4F7556}") = "SimpleAPI", "SimpleAPI\SimpleAPI.csproj", "{2C39B93D-5367-4BA5-AC75-A71DF8ED3A9E}"
EndProject
Global
	GlobalSection(SolutionConfigurationPlatforms) = preSolution
		Debug|Any CPU = Debug|Any CPU
		Release|Any CPU = Release|Any CPU
	EndGlobalSection
	GlobalSection(ProjectConfigurationPlatforms) = postSolution
		{2C39B93D-5367-4BA5-AC75-A71DF8ED3A9E}.Debug|Any CPU.ActiveCfg = Debug|Any CPU
		{2C39B93D-5367-4BA5-AC75-A71DF8ED3A9E}.Debug|Any CPU.Build.0 = Debug|Any CPU
		{2C39B93D-5367-4BA5-AC75-A71DF8ED3A9E}.Release|Any CPU.ActiveCfg = Release|Any CPU
		{2C39B93D-5367-4BA5-AC75-A71DF8ED3A9E}.Release|Any CPU.Build.0 = Release|Any CPU
	EndGlobalSection
	GlobalSection(SolutionProperties) = preSolution
		HideSolutionNode = FALSE
	EndGlobalSection
	GlobalSection(ExtensibilityGlobals) = postSolution
		SolutionGuid = {8A6E80EC-7622-4170-8290-C7AED997020B}
	EndGlobalSection
EndGlobal
